// !$*UTF8*$!
{
	archiveVersion = 1;
	classes = {
	};
	objectVersion = 46;
	objects = {

/* Begin PBXBuildFile section */
		AF0A07751DE5DEE1004C4D90 /* BreadthFirstPaths.cpp in Sources */ = {isa = PBXBuildFile; fileRef = AF0A07731DE5DEE1004C4D90 /* BreadthFirstPaths.cpp */; };
		AF0A07781DED9AD5004C4D90 /* TestBreadFirstPaths.cpp in Sources */ = {isa = PBXBuildFile; fileRef = AF0A07761DED9AD5004C4D90 /* TestBreadFirstPaths.cpp */; };
		AF0A077B1DED9C7B004C4D90 /* TestGraph.cpp in Sources */ = {isa = PBXBuildFile; fileRef = AF0A07791DED9C7B004C4D90 /* TestGraph.cpp */; };
		AF0A077E1DEDB5DF004C4D90 /* TestDepthFirstPaths.cpp in Sources */ = {isa = PBXBuildFile; fileRef = AF0A077C1DEDB5DF004C4D90 /* TestDepthFirstPaths.cpp */; };
		AF0A07811DEDC68D004C4D90 /* Connect.cpp in Sources */ = {isa = PBXBuildFile; fileRef = AF0A077F1DEDC68D004C4D90 /* Connect.cpp */; };
		AF0A07841DEDCC86004C4D90 /* TestConnect.cpp in Sources */ = {isa = PBXBuildFile; fileRef = AF0A07821DEDCC86004C4D90 /* TestConnect.cpp */; };
		AF0A07881DEF058B004C4D90 /* CycleGraph.cpp in Sources */ = {isa = PBXBuildFile; fileRef = AF0A07861DEF058B004C4D90 /* CycleGraph.cpp */; };
		AF0A078B1DEF08E4004C4D90 /* TestCycleGraph.cpp in Sources */ = {isa = PBXBuildFile; fileRef = AF0A07891DEF08E4004C4D90 /* TestCycleGraph.cpp */; };
		AF0A078F1DEF0DF3004C4D90 /* TwoColorGraph.cpp in Sources */ = {isa = PBXBuildFile; fileRef = AF0A078D1DEF0DF3004C4D90 /* TwoColorGraph.cpp */; };
		AF0E580B1DDCA37C001740C6 /* Paths.cpp in Sources */ = {isa = PBXBuildFile; fileRef = AF0E58091DDCA37C001740C6 /* Paths.cpp */; };
		AF0E580E1DDCA524001740C6 /* DepthFirstPaths.cpp in Sources */ = {isa = PBXBuildFile; fileRef = AF0E580C1DDCA524001740C6 /* DepthFirstPaths.cpp */; };
		AF420A121DBE529600072FB6 /* ArrayInt.cpp in Sources */ = {isa = PBXBuildFile; fileRef = AF420A0A1DBE529600072FB6 /* ArrayInt.cpp */; };
		AF420A131DBE529600072FB6 /* BinaryTree.cpp in Sources */ = {isa = PBXBuildFile; fileRef = AF420A0C1DBE529600072FB6 /* BinaryTree.cpp */; };
		AF420A151DBE529600072FB6 /* TestArrayInt.cpp in Sources */ = {isa = PBXBuildFile; fileRef = AF420A101DBE529600072FB6 /* TestArrayInt.cpp */; };
		AF420A181DC4D68F00072FB6 /* Graph.cpp in Sources */ = {isa = PBXBuildFile; fileRef = AF420A161DC4D68F00072FB6 /* Graph.cpp */; };
		AF420A1B1DC4E77700072FB6 /* TestBinaryTree.cpp in Sources */ = {isa = PBXBuildFile; fileRef = AF420A191DC4E77700072FB6 /* TestBinaryTree.cpp */; };
		AFAB1D0A1DD8ADDE00910B00 /* DepthFirstSearch.cpp in Sources */ = {isa = PBXBuildFile; fileRef = AFAB1D081DD8ADDE00910B00 /* DepthFirstSearch.cpp */; };
		AFEE8C501DC62392002C7EDF /* BaseSort.cpp in Sources */ = {isa = PBXBuildFile; fileRef = AFEE8C4E1DC62392002C7EDF /* BaseSort.cpp */; };
		AFEE8C561DC631C5002C7EDF /* SortAlgorithms.cpp in Sources */ = {isa = PBXBuildFile; fileRef = AFEE8C541DC631C5002C7EDF /* SortAlgorithms.cpp */; };
		AFEE8C591DC63733002C7EDF /* TestSortAlgorithms.cpp in Sources */ = {isa = PBXBuildFile; fileRef = AFEE8C571DC63733002C7EDF /* TestSortAlgorithms.cpp */; };
/* End PBXBuildFile section */

/* Begin PBXCopyFilesBuildPhase section */
		AF4209FC1DBE506C00072FB6 /* CopyFiles */ = {
			isa = PBXCopyFilesBuildPhase;
			buildActionMask = 2147483647;
			dstPath = /usr/share/man/man1/;
			dstSubfolderSpec = 0;
			files = (
			);
			runOnlyForDeploymentPostprocessing = 1;
		};
/* End PBXCopyFilesBuildPhase section */

/* Begin PBXFileReference section */
		AF0A07731DE5DEE1004C4D90 /* BreadthFirstPaths.cpp */ = {isa = PBXFileReference; fileEncoding = 4; lastKnownFileType = sourcecode.cpp.cpp; path = BreadthFirstPaths.cpp; sourceTree = "<group>"; };
		AF0A07741DE5DEE1004C4D90 /* BreadthFirstPaths.h */ = {isa = PBXFileReference; fileEncoding = 4; lastKnownFileType = sourcecode.c.h; path = BreadthFirstPaths.h; sourceTree = "<group>"; };
		AF0A07761DED9AD5004C4D90 /* TestBreadFirstPaths.cpp */ = {isa = PBXFileReference; fileEncoding = 4; lastKnownFileType = sourcecode.cpp.cpp; path = TestBreadFirstPaths.cpp; sourceTree = "<group>"; };
		AF0A07771DED9AD5004C4D90 /* TestBreadFirstPaths.h */ = {isa = PBXFileReference; fileEncoding = 4; lastKnownFileType = sourcecode.c.h; path = TestBreadFirstPaths.h; sourceTree = "<group>"; };
		AF0A07791DED9C7B004C4D90 /* TestGraph.cpp */ = {isa = PBXFileReference; fileEncoding = 4; lastKnownFileType = sourcecode.cpp.cpp; path = TestGraph.cpp; sourceTree = "<group>"; };
		AF0A077A1DED9C7B004C4D90 /* TestGraph.h */ = {isa = PBXFileReference; fileEncoding = 4; lastKnownFileType = sourcecode.c.h; path = TestGraph.h; sourceTree = "<group>"; };
		AF0A077C1DEDB5DF004C4D90 /* TestDepthFirstPaths.cpp */ = {isa = PBXFileReference; fileEncoding = 4; lastKnownFileType = sourcecode.cpp.cpp; path = TestDepthFirstPaths.cpp; sourceTree = "<group>"; };
		AF0A077D1DEDB5DF004C4D90 /* TestDepthFirstPaths.h */ = {isa = PBXFileReference; fileEncoding = 4; lastKnownFileType = sourcecode.c.h; path = TestDepthFirstPaths.h; sourceTree = "<group>"; };
		AF0A077F1DEDC68D004C4D90 /* Connect.cpp */ = {isa = PBXFileReference; fileEncoding = 4; lastKnownFileType = sourcecode.cpp.cpp; path = Connect.cpp; sourceTree = "<group>"; };
		AF0A07801DEDC68D004C4D90 /* Connect.h */ = {isa = PBXFileReference; fileEncoding = 4; lastKnownFileType = sourcecode.c.h; path = Connect.h; sourceTree = "<group>"; };
		AF0A07821DEDCC86004C4D90 /* TestConnect.cpp */ = {isa = PBXFileReference; fileEncoding = 4; lastKnownFileType = sourcecode.cpp.cpp; path = TestConnect.cpp; sourceTree = "<group>"; };
		AF0A07831DEDCC86004C4D90 /* TestConnect.h */ = {isa = PBXFileReference; fileEncoding = 4; lastKnownFileType = sourcecode.c.h; path = TestConnect.h; sourceTree = "<group>"; };
		AF0A07861DEF058B004C4D90 /* CycleGraph.cpp */ = {isa = PBXFileReference; fileEncoding = 4; lastKnownFileType = sourcecode.cpp.cpp; path = CycleGraph.cpp; sourceTree = "<group>"; };
		AF0A07871DEF058B004C4D90 /* CycleGraph.h */ = {isa = PBXFileReference; fileEncoding = 4; lastKnownFileType = sourcecode.c.h; path = CycleGraph.h; sourceTree = "<group>"; };
		AF0A07891DEF08E4004C4D90 /* TestCycleGraph.cpp */ = {isa = PBXFileReference; fileEncoding = 4; lastKnownFileType = sourcecode.cpp.cpp; path = TestCycleGraph.cpp; sourceTree = "<group>"; };
		AF0A078A1DEF08E4004C4D90 /* TestCycleGraph.h */ = {isa = PBXFileReference; fileEncoding = 4; lastKnownFileType = sourcecode.c.h; path = TestCycleGraph.h; sourceTree = "<group>"; };
		AF0A078D1DEF0DF3004C4D90 /* TwoColorGraph.cpp */ = {isa = PBXFileReference; fileEncoding = 4; lastKnownFileType = sourcecode.cpp.cpp; path = TwoColorGraph.cpp; sourceTree = "<group>"; };
		AF0A078E1DEF0DF3004C4D90 /* TwoColorGraph.h */ = {isa = PBXFileReference; fileEncoding = 4; lastKnownFileType = sourcecode.c.h; path = TwoColorGraph.h; sourceTree = "<group>"; };
		AF0E58091DDCA37C001740C6 /* Paths.cpp */ = {isa = PBXFileReference; fileEncoding = 4; lastKnownFileType = sourcecode.cpp.cpp; path = Paths.cpp; sourceTree = "<group>"; };
		AF0E580A1DDCA37C001740C6 /* Paths.h */ = {isa = PBXFileReference; fileEncoding = 4; lastKnownFileType = sourcecode.c.h; path = Paths.h; sourceTree = "<group>"; };
		AF0E580C1DDCA524001740C6 /* DepthFirstPaths.cpp */ = {isa = PBXFileReference; fileEncoding = 4; lastKnownFileType = sourcecode.cpp.cpp; path = DepthFirstPaths.cpp; sourceTree = "<group>"; };
		AF0E580D1DDCA524001740C6 /* DepthFirstPaths.h */ = {isa = PBXFileReference; fileEncoding = 4; lastKnownFileType = sourcecode.c.h; path = DepthFirstPaths.h; sourceTree = "<group>"; };
		AF4209FE1DBE506C00072FB6 /* DailyCoding */ = {isa = PBXFileReference; explicitFileType = "compiled.mach-o.executable"; includeInIndex = 0; path = DailyCoding; sourceTree = BUILT_PRODUCTS_DIR; };
		AF420A0A1DBE529600072FB6 /* ArrayInt.cpp */ = {isa = PBXFileReference; fileEncoding = 4; lastKnownFileType = sourcecode.cpp.cpp; path = ArrayInt.cpp; sourceTree = "<group>"; };
		AF420A0B1DBE529600072FB6 /* ArrayInt.h */ = {isa = PBXFileReference; fileEncoding = 4; lastKnownFileType = sourcecode.c.h; path = ArrayInt.h; sourceTree = "<group>"; };
		AF420A0C1DBE529600072FB6 /* BinaryTree.cpp */ = {isa = PBXFileReference; fileEncoding = 4; lastKnownFileType = sourcecode.cpp.cpp; path = BinaryTree.cpp; sourceTree = "<group>"; };
		AF420A0D1DBE529600072FB6 /* BinaryTree.h */ = {isa = PBXFileReference; fileEncoding = 4; lastKnownFileType = sourcecode.c.h; path = BinaryTree.h; sourceTree = "<group>"; };
		AF420A0F1DBE529600072FB6 /* Node.h */ = {isa = PBXFileReference; fileEncoding = 4; lastKnownFileType = sourcecode.c.h; path = Node.h; sourceTree = "<group>"; };
		AF420A101DBE529600072FB6 /* TestArrayInt.cpp */ = {isa = PBXFileReference; fileEncoding = 4; lastKnownFileType = sourcecode.cpp.cpp; path = TestArrayInt.cpp; sourceTree = "<group>"; };
		AF420A111DBE529600072FB6 /* TestArrayInt.h */ = {isa = PBXFileReference; fileEncoding = 4; lastKnownFileType = sourcecode.c.h; path = TestArrayInt.h; sourceTree = "<group>"; };
		AF420A161DC4D68F00072FB6 /* Graph.cpp */ = {isa = PBXFileReference; fileEncoding = 4; lastKnownFileType = sourcecode.cpp.cpp; path = Graph.cpp; sourceTree = "<group>"; };
		AF420A171DC4D68F00072FB6 /* Graph.h */ = {isa = PBXFileReference; fileEncoding = 4; lastKnownFileType = sourcecode.c.h; path = Graph.h; sourceTree = "<group>"; };
		AF420A191DC4E77700072FB6 /* TestBinaryTree.cpp */ = {isa = PBXFileReference; fileEncoding = 4; lastKnownFileType = sourcecode.cpp.cpp; path = TestBinaryTree.cpp; sourceTree = "<group>"; };
		AF420A1A1DC4E77700072FB6 /* TestBinaryTree.h */ = {isa = PBXFileReference; fileEncoding = 4; lastKnownFileType = sourcecode.c.h; path = TestBinaryTree.h; sourceTree = "<group>"; };
		AFAB1D081DD8ADDE00910B00 /* DepthFirstSearch.cpp */ = {isa = PBXFileReference; fileEncoding = 4; lastKnownFileType = sourcecode.cpp.cpp; path = DepthFirstSearch.cpp; sourceTree = "<group>"; };
		AFAB1D091DD8ADDE00910B00 /* DepthFirstSearch.h */ = {isa = PBXFileReference; fileEncoding = 4; lastKnownFileType = sourcecode.c.h; path = DepthFirstSearch.h; sourceTree = "<group>"; };
		AFEE8C4E1DC62392002C7EDF /* BaseSort.cpp */ = {isa = PBXFileReference; fileEncoding = 4; lastKnownFileType = sourcecode.cpp.cpp; path = BaseSort.cpp; sourceTree = "<group>"; };
		AFEE8C4F1DC62392002C7EDF /* BaseSort.h */ = {isa = PBXFileReference; fileEncoding = 4; lastKnownFileType = sourcecode.c.h; path = BaseSort.h; sourceTree = "<group>"; };
		AFEE8C541DC631C5002C7EDF /* SortAlgorithms.cpp */ = {isa = PBXFileReference; fileEncoding = 4; lastKnownFileType = sourcecode.cpp.cpp; path = SortAlgorithms.cpp; sourceTree = "<group>"; };
		AFEE8C551DC631C5002C7EDF /* SortAlgorithms.h */ = {isa = PBXFileReference; fileEncoding = 4; lastKnownFileType = sourcecode.c.h; path = SortAlgorithms.h; sourceTree = "<group>"; };
		AFEE8C571DC63733002C7EDF /* TestSortAlgorithms.cpp */ = {isa = PBXFileReference; fileEncoding = 4; lastKnownFileType = sourcecode.cpp.cpp; path = TestSortAlgorithms.cpp; sourceTree = "<group>"; };
		AFEE8C581DC63733002C7EDF /* TestSortAlgorithms.h */ = {isa = PBXFileReference; fileEncoding = 4; lastKnownFileType = sourcecode.c.h; path = TestSortAlgorithms.h; sourceTree = "<group>"; };
/* End PBXFileReference section */

/* Begin PBXFrameworksBuildPhase section */
		AF4209FB1DBE506C00072FB6 /* Frameworks */ = {
			isa = PBXFrameworksBuildPhase;
			buildActionMask = 2147483647;
			files = (
			);
			runOnlyForDeploymentPostprocessing = 0;
		};
/* End PBXFrameworksBuildPhase section */

/* Begin PBXGroup section */
		AF4209F51DBE506C00072FB6 = {
			isa = PBXGroup;
			children = (
				AF420A001DBE506C00072FB6 /* DailyCoding */,
				AF4209FF1DBE506C00072FB6 /* Products */,
			);
			sourceTree = "<group>";
		};
		AF4209FF1DBE506C00072FB6 /* Products */ = {
			isa = PBXGroup;
			children = (
				AF4209FE1DBE506C00072FB6 /* DailyCoding */,
			);
			name = Products;
			sourceTree = "<group>";
		};
		AF420A001DBE506C00072FB6 /* DailyCoding */ = {
			isa = PBXGroup;
			children = (
				AFAB1D071DD8AC8D00910B00 /* UnitTest */,
				AFEE8C4D1DC62197002C7EDF /* SortAlgorithms */,
				AF420A091DBE51F800072FB6 /* DataStructure */,
			);
			path = DailyCoding;
			sourceTree = "<group>";
		};
		AF420A091DBE51F800072FB6 /* DataStructure */ = {
			isa = PBXGroup;
			children = (
				AF420A0A1DBE529600072FB6 /* ArrayInt.cpp */,
				AF420A0B1DBE529600072FB6 /* ArrayInt.h */,
				AF420A0C1DBE529600072FB6 /* BinaryTree.cpp */,
				AF420A0D1DBE529600072FB6 /* BinaryTree.h */,
				AF420A0F1DBE529600072FB6 /* Node.h */,
				AF420A161DC4D68F00072FB6 /* Graph.cpp */,
				AF420A171DC4D68F00072FB6 /* Graph.h */,
				AFAB1D081DD8ADDE00910B00 /* DepthFirstSearch.cpp */,
				AFAB1D091DD8ADDE00910B00 /* DepthFirstSearch.h */,
				AF0E58091DDCA37C001740C6 /* Paths.cpp */,
				AF0E580A1DDCA37C001740C6 /* Paths.h */,
				AF0E580C1DDCA524001740C6 /* DepthFirstPaths.cpp */,
				AF0E580D1DDCA524001740C6 /* DepthFirstPaths.h */,
				AF0A07731DE5DEE1004C4D90 /* BreadthFirstPaths.cpp */,
				AF0A07741DE5DEE1004C4D90 /* BreadthFirstPaths.h */,
				AF0A077F1DEDC68D004C4D90 /* Connect.cpp */,
				AF0A07801DEDC68D004C4D90 /* Connect.h */,
				AF0A07861DEF058B004C4D90 /* CycleGraph.cpp */,
				AF0A07871DEF058B004C4D90 /* CycleGraph.h */,
				AF0A078D1DEF0DF3004C4D90 /* TwoColorGraph.cpp */,
				AF0A078E1DEF0DF3004C4D90 /* TwoColorGraph.h */,
			);
			name = DataStructure;
			sourceTree = "<group>";
		};
		AFAB1D071DD8AC8D00910B00 /* UnitTest */ = {
			isa = PBXGroup;
			children = (
				AF420A191DC4E77700072FB6 /* TestBinaryTree.cpp */,
				AF420A1A1DC4E77700072FB6 /* TestBinaryTree.h */,
				AFEE8C571DC63733002C7EDF /* TestSortAlgorithms.cpp */,
				AFEE8C581DC63733002C7EDF /* TestSortAlgorithms.h */,
				AF420A101DBE529600072FB6 /* TestArrayInt.cpp */,
				AF420A111DBE529600072FB6 /* TestArrayInt.h */,
				AF0A07761DED9AD5004C4D90 /* TestBreadFirstPaths.cpp */,
				AF0A07771DED9AD5004C4D90 /* TestBreadFirstPaths.h */,
				AF0A07791DED9C7B004C4D90 /* TestGraph.cpp */,
				AF0A077A1DED9C7B004C4D90 /* TestGraph.h */,
				AF0A077C1DEDB5DF004C4D90 /* TestDepthFirstPaths.cpp */,
				AF0A077D1DEDB5DF004C4D90 /* TestDepthFirstPaths.h */,
				AF0A07821DEDCC86004C4D90 /* TestConnect.cpp */,
				AF0A07831DEDCC86004C4D90 /* TestConnect.h */,
				AF0A07891DEF08E4004C4D90 /* TestCycleGraph.cpp */,
				AF0A078A1DEF08E4004C4D90 /* TestCycleGraph.h */,
			);
			name = UnitTest;
			sourceTree = "<group>";
		};
		AFEE8C4D1DC62197002C7EDF /* SortAlgorithms */ = {
			isa = PBXGroup;
			children = (
				AFEE8C4E1DC62392002C7EDF /* BaseSort.cpp */,
				AFEE8C4F1DC62392002C7EDF /* BaseSort.h */,
				AFEE8C541DC631C5002C7EDF /* SortAlgorithms.cpp */,
				AFEE8C551DC631C5002C7EDF /* SortAlgorithms.h */,
			);
			name = SortAlgorithms;
			sourceTree = "<group>";
		};
/* End PBXGroup section */

/* Begin PBXNativeTarget section */
		AF4209FD1DBE506C00072FB6 /* DailyCoding */ = {
			isa = PBXNativeTarget;
			buildConfigurationList = AF420A051DBE506C00072FB6 /* Build configuration list for PBXNativeTarget "DailyCoding" */;
			buildPhases = (
				AF4209FA1DBE506C00072FB6 /* Sources */,
				AF4209FB1DBE506C00072FB6 /* Frameworks */,
				AF4209FC1DBE506C00072FB6 /* CopyFiles */,
			);
			buildRules = (
			);
			dependencies = (
			);
			name = DailyCoding;
			productName = DailyCoding;
			productReference = AF4209FE1DBE506C00072FB6 /* DailyCoding */;
			productType = "com.apple.product-type.tool";
		};
/* End PBXNativeTarget section */

/* Begin PBXProject section */
		AF4209F61DBE506C00072FB6 /* Project object */ = {
			isa = PBXProject;
			attributes = {
				KnownAssetTags = (
					New,
				);
				LastUpgradeCheck = 0810;
				ORGANIZATIONNAME = limingding;
				TargetAttributes = {
					AF4209FD1DBE506C00072FB6 = {
						CreatedOnToolsVersion = 7.3.1;
					};
				};
			};
			buildConfigurationList = AF4209F91DBE506C00072FB6 /* Build configuration list for PBXProject "DailyCoding" */;
			compatibilityVersion = "Xcode 3.2";
			developmentRegion = English;
			hasScannedForEncodings = 0;
			knownRegions = (
				en,
			);
			mainGroup = AF4209F51DBE506C00072FB6;
			productRefGroup = AF4209FF1DBE506C00072FB6 /* Products */;
			projectDirPath = "";
			projectRoot = "";
			targets = (
				AF4209FD1DBE506C00072FB6 /* DailyCoding */,
			);
		};
/* End PBXProject section */

/* Begin PBXSourcesBuildPhase section */
		AF4209FA1DBE506C00072FB6 /* Sources */ = {
			isa = PBXSourcesBuildPhase;
			buildActionMask = 2147483647;
			files = (
				AF0A07751DE5DEE1004C4D90 /* BreadthFirstPaths.cpp in Sources */,
				AFEE8C501DC62392002C7EDF /* BaseSort.cpp in Sources */,
				AF0A077E1DEDB5DF004C4D90 /* TestDepthFirstPaths.cpp in Sources */,
				AFEE8C591DC63733002C7EDF /* TestSortAlgorithms.cpp in Sources */,
				AF420A181DC4D68F00072FB6 /* Graph.cpp in Sources */,
				AF420A1B1DC4E77700072FB6 /* TestBinaryTree.cpp in Sources */,
				AF0A07811DEDC68D004C4D90 /* Connect.cpp in Sources */,
				AF0E580B1DDCA37C001740C6 /* Paths.cpp in Sources */,
				AF0A077B1DED9C7B004C4D90 /* TestGraph.cpp in Sources */,
				AF420A131DBE529600072FB6 /* BinaryTree.cpp in Sources */,
				AFEE8C561DC631C5002C7EDF /* SortAlgorithms.cpp in Sources */,
				AF0A078B1DEF08E4004C4D90 /* TestCycleGraph.cpp in Sources */,
				AFAB1D0A1DD8ADDE00910B00 /* DepthFirstSearch.cpp in Sources */,
				AF420A121DBE529600072FB6 /* ArrayInt.cpp in Sources */,
				AF0A07881DEF058B004C4D90 /* CycleGraph.cpp in Sources */,
				AF420A151DBE529600072FB6 /* TestArrayInt.cpp in Sources */,
				AF0A07841DEDCC86004C4D90 /* TestConnect.cpp in Sources */,
				AF0A078F1DEF0DF3004C4D90 /* TwoColorGraph.cpp in Sources */,
				AF0E580E1DDCA524001740C6 /* DepthFirstPaths.cpp in Sources */,
				AF0A07781DED9AD5004C4D90 /* TestBreadFirstPaths.cpp in Sources */,
			);
			runOnlyForDeploymentPostprocessing = 0;
		};
/* End PBXSourcesBuildPhase section */

/* Begin XCBuildConfiguration section */
		AF420A031DBE506C00072FB6 /* Debug */ = {
			isa = XCBuildConfiguration;
			buildSettings = {
				ALWAYS_SEARCH_USER_PATHS = NO;
				CLANG_ANALYZER_NONNULL = YES;
				CLANG_CXX_LANGUAGE_STANDARD = "gnu++0x";
				CLANG_CXX_LIBRARY = "libc++";
				CLANG_ENABLE_MODULES = YES;
				CLANG_ENABLE_OBJC_ARC = YES;
				CLANG_WARN_BOOL_CONVERSION = YES;
				CLANG_WARN_CONSTANT_CONVERSION = YES;
				CLANG_WARN_DIRECT_OBJC_ISA_USAGE = YES_ERROR;
				CLANG_WARN_EMPTY_BODY = YES;
				CLANG_WARN_ENUM_CONVERSION = YES;
				CLANG_WARN_INFINITE_RECURSION = YES;
				CLANG_WARN_INT_CONVERSION = YES;
				CLANG_WARN_OBJC_ROOT_CLASS = YES_ERROR;
				CLANG_WARN_SUSPICIOUS_MOVE = YES;
				CLANG_WARN_UNREACHABLE_CODE = YES;
				CLANG_WARN__DUPLICATE_METHOD_MATCH = YES;
				CODE_SIGN_IDENTITY = "-";
				COPY_PHASE_STRIP = NO;
				DEBUG_INFORMATION_FORMAT = dwarf;
				ENABLE_STRICT_OBJC_MSGSEND = YES;
				ENABLE_TESTABILITY = YES;
				GCC_C_LANGUAGE_STANDARD = gnu99;
				GCC_DYNAMIC_NO_PIC = NO;
				GCC_NO_COMMON_BLOCKS = YES;
				GCC_OPTIMIZATION_LEVEL = 0;
				GCC_PREPROCESSOR_DEFINITIONS = (
					"DEBUG=1",
					"$(inherited)",
				);
				GCC_WARN_64_TO_32_BIT_CONVERSION = YES;
				GCC_WARN_ABOUT_RETURN_TYPE = YES_ERROR;
				GCC_WARN_UNDECLARED_SELECTOR = YES;
				GCC_WARN_UNINITIALIZED_AUTOS = YES_AGGRESSIVE;
				GCC_WARN_UNUSED_FUNCTION = YES;
				GCC_WARN_UNUSED_VARIABLE = YES;
				MACOSX_DEPLOYMENT_TARGET = 10.11;
				MTL_ENABLE_DEBUG_INFO = YES;
				ONLY_ACTIVE_ARCH = YES;
				SDKROOT = macosx;
			};
			name = Debug;
		};
		AF420A041DBE506C00072FB6 /* Release */ = {
			isa = XCBuildConfiguration;
			buildSettings = {
				ALWAYS_SEARCH_USER_PATHS = NO;
				CLANG_ANALYZER_NONNULL = YES;
				CLANG_CXX_LANGUAGE_STANDARD = "gnu++0x";
				CLANG_CXX_LIBRARY = "libc++";
				CLANG_ENABLE_MODULES = YES;
				CLANG_ENABLE_OBJC_ARC = YES;
				CLANG_WARN_BOOL_CONVERSION = YES;
				CLANG_WARN_CONSTANT_CONVERSION = YES;
				CLANG_WARN_DIRECT_OBJC_ISA_USAGE = YES_ERROR;
				CLANG_WARN_EMPTY_BODY = YES;
				CLANG_WARN_ENUM_CONVERSION = YES;
				CLANG_WARN_INFINITE_RECURSION = YES;
				CLANG_WARN_INT_CONVERSION = YES;
				CLANG_WARN_OBJC_ROOT_CLASS = YES_ERROR;
				CLANG_WARN_SUSPICIOUS_MOVE = YES;
				CLANG_WARN_UNREACHABLE_CODE = YES;
				CLANG_WARN__DUPLICATE_METHOD_MATCH = YES;
				CODE_SIGN_IDENTITY = "-";
				COPY_PHASE_STRIP = NO;
				DEBUG_INFORMATION_FORMAT = "dwarf-with-dsym";
				ENABLE_NS_ASSERTIONS = NO;
				ENABLE_STRICT_OBJC_MSGSEND = YES;
				GCC_C_LANGUAGE_STANDARD = gnu99;
				GCC_NO_COMMON_BLOCKS = YES;
				GCC_WARN_64_TO_32_BIT_CONVERSION = YES;
				GCC_WARN_ABOUT_RETURN_TYPE = YES_ERROR;
				GCC_WARN_UNDECLARED_SELECTOR = YES;
				GCC_WARN_UNINITIALIZED_AUTOS = YES_AGGRESSIVE;
				GCC_WARN_UNUSED_FUNCTION = YES;
				GCC_WARN_UNUSED_VARIABLE = YES;
				MACOSX_DEPLOYMENT_TARGET = 10.11;
				MTL_ENABLE_DEBUG_INFO = NO;
				SDKROOT = macosx;
			};
			name = Release;
		};
		AF420A061DBE506C00072FB6 /* Debug */ = {
			isa = XCBuildConfiguration;
			buildSettings = {
				PRODUCT_NAME = "$(TARGET_NAME)";
			};
			name = Debug;
		};
		AF420A071DBE506C00072FB6 /* Release */ = {
			isa = XCBuildConfiguration;
			buildSettings = {
				PRODUCT_NAME = "$(TARGET_NAME)";
			};
			name = Release;
		};
/* End XCBuildConfiguration section */

/* Begin XCConfigurationList section */
		AF4209F91DBE506C00072FB6 /* Build configuration list for PBXProject "DailyCoding" */ = {
			isa = XCConfigurationList;
			buildConfigurations = (
				AF420A031DBE506C00072FB6 /* Debug */,
				AF420A041DBE506C00072FB6 /* Release */,
			);
			defaultConfigurationIsVisible = 0;
			defaultConfigurationName = Release;
		};
		AF420A051DBE506C00072FB6 /* Build configuration list for PBXNativeTarget "DailyCoding" */ = {
			isa = XCConfigurationList;
			buildConfigurations = (
				AF420A061DBE506C00072FB6 /* Debug */,
				AF420A071DBE506C00072FB6 /* Release */,
			);
			defaultConfigurationIsVisible = 0;
			defaultConfigurationName = Release;
		};
/* End XCConfigurationList section */
	};
	rootObject = AF4209F61DBE506C00072FB6 /* Project object */;
}
