// !$*UTF8*$!
{
	archiveVersion = 1;
	classes = {
	};
	objectVersion = 46;
	objects = {

/* Begin PBXBuildFile section */
		AF0A07751DE5DEE1004C4D90 /* BreadthFirstPaths.cpp in Sources */ = {isa = PBXBuildFile; fileRef = AF0A07731DE5DEE1004C4D90 /* BreadthFirstPaths.cpp */; };
		AF0A07781DED9AD5004C4D90 /* TestBreadFirstPaths.cpp in Sources */ = {isa = PBXBuildFile; fileRef = AF0A07761DED9AD5004C4D90 /* TestBreadFirstPaths.cpp */; };
		AF0A077B1DED9C7B004C4D90 /* TestGraph.cpp in Sources */ = {isa = PBXBuildFile; fileRef = AF0A07791DED9C7B004C4D90 /* TestGraph.cpp */; };
		AF0A077E1DEDB5DF004C4D90 /* TestDepthFirstPaths.cpp in Sources */ = {isa = PBXBuildFile; fileRef = AF0A077C1DEDB5DF004C4D90 /* TestDepthFirstPaths.cpp */; };
		AF0A07811DEDC68D004C4D90 /* Connect.cpp in Sources */ = {isa = PBXBuildFile; fileRef = AF0A077F1DEDC68D004C4D90 /* Connect.cpp */; };
		AF0A07841DEDCC86004C4D90 /* TestConnect.cpp in Sources */ = {isa = PBXBuildFile; fileRef = AF0A07821DEDCC86004C4D90 /* TestConnect.cpp */; };
		AF0A07881DEF058B004C4D90 /* CycleGraph.cpp in Sources */ = {isa = PBXBuildFile; fileRef = AF0A07861DEF058B004C4D90 /* CycleGraph.cpp */; };
		AF0A078B1DEF08E4004C4D90 /* TestCycleGraph.cpp in Sources */ = {isa = PBXBuildFile; fileRef = AF0A07891DEF08E4004C4D90 /* TestCycleGraph.cpp */; };
		AF0A078F1DEF0DF3004C4D90 /* TwoColorGraph.cpp in Sources */ = {isa = PBXBuildFile; fileRef = AF0A078D1DEF0DF3004C4D90 /* TwoColorGraph.cpp */; };
		AF0A07921DEF146D004C4D90 /* DirectionGraph.cpp in Sources */ = {isa = PBXBuildFile; fileRef = AF0A07901DEF146D004C4D90 /* DirectionGraph.cpp */; };
		AF0A07951DF3B565004C4D90 /* TestDirectionGraph.cpp in Sources */ = {isa = PBXBuildFile; fileRef = AF0A07931DF3B565004C4D90 /* TestDirectionGraph.cpp */; };
		AF0A07A41DF59E81004C4D90 /* DirectedDFS.cpp in Sources */ = {isa = PBXBuildFile; fileRef = AF0A07A21DF59E81004C4D90 /* DirectedDFS.cpp */; };
		AF0A07A71DF5A631004C4D90 /* DirectedCycle.cpp in Sources */ = {isa = PBXBuildFile; fileRef = AF0A07A51DF5A631004C4D90 /* DirectedCycle.cpp */; };
		AF0A07AA1DF5ACC0004C4D90 /* TestDirectedCycle.cpp in Sources */ = {isa = PBXBuildFile; fileRef = AF0A07A81DF5ACC0004C4D90 /* TestDirectedCycle.cpp */; };
		AF0A07AC1DF5B270004C4D90 /* UnitTest.cpp in Sources */ = {isa = PBXBuildFile; fileRef = AF0A07AB1DF5B270004C4D90 /* UnitTest.cpp */; };
		AF0A07AF1DF99974004C4D90 /* DepthFirstOrder.cpp in Sources */ = {isa = PBXBuildFile; fileRef = AF0A07AD1DF99974004C4D90 /* DepthFirstOrder.cpp */; };
		AF0A07B21DF99E8C004C4D90 /* Topological.cpp in Sources */ = {isa = PBXBuildFile; fileRef = AF0A07B01DF99E8C004C4D90 /* Topological.cpp */; };
		AF0A07B51DF9A673004C4D90 /* SolidConnectionDirectionGraph.cpp in Sources */ = {isa = PBXBuildFile; fileRef = AF0A07B31DF9A673004C4D90 /* SolidConnectionDirectionGraph.cpp */; };
		AF0A07BA1DFBAB41004C4D90 /* MaxPQ.cpp in Sources */ = {isa = PBXBuildFile; fileRef = AF0A07B81DFBAB41004C4D90 /* MaxPQ.cpp */; };
		AF0A07BE1DFBB251004C4D90 /* Uncopyable.cpp in Sources */ = {isa = PBXBuildFile; fileRef = AF0A07BC1DFBB251004C4D90 /* Uncopyable.cpp */; };
		AF0A07C11DFBBF9E004C4D90 /* TestMaxPQ.cpp in Sources */ = {isa = PBXBuildFile; fileRef = AF0A07BF1DFBBF9E004C4D90 /* TestMaxPQ.cpp */; };
		AF0A07CF1DFD10F6004C4D90 /* MinPQ.cpp in Sources */ = {isa = PBXBuildFile; fileRef = AF0A07CD1DFD10F6004C4D90 /* MinPQ.cpp */; };
		AF0A07D21DFD129E004C4D90 /* TestMinPQ.cpp in Sources */ = {isa = PBXBuildFile; fileRef = AF0A07D01DFD129E004C4D90 /* TestMinPQ.cpp */; };
		AF0A07D51DFD1572004C4D90 /* IndexMinPQ.cpp in Sources */ = {isa = PBXBuildFile; fileRef = AF0A07D31DFD1572004C4D90 /* IndexMinPQ.cpp */; };
		AF0A07D81DFD2370004C4D90 /* TestIndexMinPQ.cpp in Sources */ = {isa = PBXBuildFile; fileRef = AF0A07D61DFD2370004C4D90 /* TestIndexMinPQ.cpp */; };
		AF0A07DB1DFD2EF6004C4D90 /* OutputString.cpp in Sources */ = {isa = PBXBuildFile; fileRef = AF0A07D91DFD2EF6004C4D90 /* OutputString.cpp */; };
		AF0A07DE1E0039B4004C4D90 /* Key.cpp in Sources */ = {isa = PBXBuildFile; fileRef = AF0A07DC1E0039B4004C4D90 /* Key.cpp */; };
		AF0A07E11E0039BF004C4D90 /* Value.cpp in Sources */ = {isa = PBXBuildFile; fileRef = AF0A07DF1E0039BF004C4D90 /* Value.cpp */; };
		AF0E580B1DDCA37C001740C6 /* Paths.cpp in Sources */ = {isa = PBXBuildFile; fileRef = AF0E58091DDCA37C001740C6 /* Paths.cpp */; };
		AF0E580E1DDCA524001740C6 /* DepthFirstPaths.cpp in Sources */ = {isa = PBXBuildFile; fileRef = AF0E580C1DDCA524001740C6 /* DepthFirstPaths.cpp */; };
		AF420A121DBE529600072FB6 /* ArrayInt.cpp in Sources */ = {isa = PBXBuildFile; fileRef = AF420A0A1DBE529600072FB6 /* ArrayInt.cpp */; };
		AF420A131DBE529600072FB6 /* AbandonBinaryTree.cpp in Sources */ = {isa = PBXBuildFile; fileRef = AF420A0C1DBE529600072FB6 /* AbandonBinaryTree.cpp */; };
		AF420A151DBE529600072FB6 /* TestArrayInt.cpp in Sources */ = {isa = PBXBuildFile; fileRef = AF420A101DBE529600072FB6 /* TestArrayInt.cpp */; };
		AF420A181DC4D68F00072FB6 /* Graph.cpp in Sources */ = {isa = PBXBuildFile; fileRef = AF420A161DC4D68F00072FB6 /* Graph.cpp */; };
		AF420A1B1DC4E77700072FB6 /* TestBinaryTree.cpp in Sources */ = {isa = PBXBuildFile; fileRef = AF420A191DC4E77700072FB6 /* TestBinaryTree.cpp */; };
		AFAB1D0A1DD8ADDE00910B00 /* DepthFirstSearch.cpp in Sources */ = {isa = PBXBuildFile; fileRef = AFAB1D081DD8ADDE00910B00 /* DepthFirstSearch.cpp */; };
		AFEE8C501DC62392002C7EDF /* BaseSort.cpp in Sources */ = {isa = PBXBuildFile; fileRef = AFEE8C4E1DC62392002C7EDF /* BaseSort.cpp */; };
		AFEE8C561DC631C5002C7EDF /* SortAlgorithms.cpp in Sources */ = {isa = PBXBuildFile; fileRef = AFEE8C541DC631C5002C7EDF /* SortAlgorithms.cpp */; };
		AFEE8C591DC63733002C7EDF /* TestSortAlgorithms.cpp in Sources */ = {isa = PBXBuildFile; fileRef = AFEE8C571DC63733002C7EDF /* TestSortAlgorithms.cpp */; };
/* End PBXBuildFile section */

/* Begin PBXCopyFilesBuildPhase section */
		AF4209FC1DBE506C00072FB6 /* CopyFiles */ = {
			isa = PBXCopyFilesBuildPhase;
			buildActionMask = 2147483647;
			dstPath = /usr/share/man/man1/;
			dstSubfolderSpec = 0;
			files = (
			);
			runOnlyForDeploymentPostprocessing = 1;
		};
/* End PBXCopyFilesBuildPhase section */

/* Begin PBXFileReference section */
		AF0A07731DE5DEE1004C4D90 /* BreadthFirstPaths.cpp */ = {isa = PBXFileReference; fileEncoding = 4; lastKnownFileType = sourcecode.cpp.cpp; path = BreadthFirstPaths.cpp; sourceTree = "<group>"; };
		AF0A07741DE5DEE1004C4D90 /* BreadthFirstPaths.h */ = {isa = PBXFileReference; fileEncoding = 4; lastKnownFileType = sourcecode.c.h; path = BreadthFirstPaths.h; sourceTree = "<group>"; };
		AF0A07761DED9AD5004C4D90 /* TestBreadFirstPaths.cpp */ = {isa = PBXFileReference; fileEncoding = 4; lastKnownFileType = sourcecode.cpp.cpp; path = TestBreadFirstPaths.cpp; sourceTree = "<group>"; };
		AF0A07771DED9AD5004C4D90 /* TestBreadFirstPaths.h */ = {isa = PBXFileReference; fileEncoding = 4; lastKnownFileType = sourcecode.c.h; path = TestBreadFirstPaths.h; sourceTree = "<group>"; };
		AF0A07791DED9C7B004C4D90 /* TestGraph.cpp */ = {isa = PBXFileReference; fileEncoding = 4; lastKnownFileType = sourcecode.cpp.cpp; path = TestGraph.cpp; sourceTree = "<group>"; };
		AF0A077A1DED9C7B004C4D90 /* TestGraph.h */ = {isa = PBXFileReference; fileEncoding = 4; lastKnownFileType = sourcecode.c.h; path = TestGraph.h; sourceTree = "<group>"; };
		AF0A077C1DEDB5DF004C4D90 /* TestDepthFirstPaths.cpp */ = {isa = PBXFileReference; fileEncoding = 4; lastKnownFileType = sourcecode.cpp.cpp; path = TestDepthFirstPaths.cpp; sourceTree = "<group>"; };
		AF0A077D1DEDB5DF004C4D90 /* TestDepthFirstPaths.h */ = {isa = PBXFileReference; fileEncoding = 4; lastKnownFileType = sourcecode.c.h; path = TestDepthFirstPaths.h; sourceTree = "<group>"; };
		AF0A077F1DEDC68D004C4D90 /* Connect.cpp */ = {isa = PBXFileReference; fileEncoding = 4; lastKnownFileType = sourcecode.cpp.cpp; path = Connect.cpp; sourceTree = "<group>"; };
		AF0A07801DEDC68D004C4D90 /* Connect.h */ = {isa = PBXFileReference; fileEncoding = 4; lastKnownFileType = sourcecode.c.h; path = Connect.h; sourceTree = "<group>"; };
		AF0A07821DEDCC86004C4D90 /* TestConnect.cpp */ = {isa = PBXFileReference; fileEncoding = 4; lastKnownFileType = sourcecode.cpp.cpp; path = TestConnect.cpp; sourceTree = "<group>"; };
		AF0A07831DEDCC86004C4D90 /* TestConnect.h */ = {isa = PBXFileReference; fileEncoding = 4; lastKnownFileType = sourcecode.c.h; path = TestConnect.h; sourceTree = "<group>"; };
		AF0A07861DEF058B004C4D90 /* CycleGraph.cpp */ = {isa = PBXFileReference; fileEncoding = 4; lastKnownFileType = sourcecode.cpp.cpp; path = CycleGraph.cpp; sourceTree = "<group>"; };
		AF0A07871DEF058B004C4D90 /* CycleGraph.h */ = {isa = PBXFileReference; fileEncoding = 4; lastKnownFileType = sourcecode.c.h; path = CycleGraph.h; sourceTree = "<group>"; };
		AF0A07891DEF08E4004C4D90 /* TestCycleGraph.cpp */ = {isa = PBXFileReference; fileEncoding = 4; lastKnownFileType = sourcecode.cpp.cpp; path = TestCycleGraph.cpp; sourceTree = "<group>"; };
		AF0A078A1DEF08E4004C4D90 /* TestCycleGraph.h */ = {isa = PBXFileReference; fileEncoding = 4; lastKnownFileType = sourcecode.c.h; path = TestCycleGraph.h; sourceTree = "<group>"; };
		AF0A078D1DEF0DF3004C4D90 /* TwoColorGraph.cpp */ = {isa = PBXFileReference; fileEncoding = 4; lastKnownFileType = sourcecode.cpp.cpp; path = TwoColorGraph.cpp; sourceTree = "<group>"; };
		AF0A078E1DEF0DF3004C4D90 /* TwoColorGraph.h */ = {isa = PBXFileReference; fileEncoding = 4; lastKnownFileType = sourcecode.c.h; path = TwoColorGraph.h; sourceTree = "<group>"; };
		AF0A07901DEF146D004C4D90 /* DirectionGraph.cpp */ = {isa = PBXFileReference; fileEncoding = 4; lastKnownFileType = sourcecode.cpp.cpp; path = DirectionGraph.cpp; sourceTree = "<group>"; };
		AF0A07911DEF146D004C4D90 /* DirectionGraph.h */ = {isa = PBXFileReference; fileEncoding = 4; lastKnownFileType = sourcecode.c.h; path = DirectionGraph.h; sourceTree = "<group>"; };
		AF0A07931DF3B565004C4D90 /* TestDirectionGraph.cpp */ = {isa = PBXFileReference; fileEncoding = 4; lastKnownFileType = sourcecode.cpp.cpp; path = TestDirectionGraph.cpp; sourceTree = "<group>"; };
		AF0A07941DF3B565004C4D90 /* TestDirectionGraph.h */ = {isa = PBXFileReference; fileEncoding = 4; lastKnownFileType = sourcecode.c.h; path = TestDirectionGraph.h; sourceTree = "<group>"; };
		AF0A07971DF3B75D004C4D90 /* UnitTest.h */ = {isa = PBXFileReference; fileEncoding = 4; lastKnownFileType = sourcecode.c.h; path = UnitTest.h; sourceTree = "<group>"; };
		AF0A07A21DF59E81004C4D90 /* DirectedDFS.cpp */ = {isa = PBXFileReference; fileEncoding = 4; lastKnownFileType = sourcecode.cpp.cpp; path = DirectedDFS.cpp; sourceTree = "<group>"; };
		AF0A07A31DF59E81004C4D90 /* DirectedDFS.h */ = {isa = PBXFileReference; fileEncoding = 4; lastKnownFileType = sourcecode.c.h; path = DirectedDFS.h; sourceTree = "<group>"; };
		AF0A07A51DF5A631004C4D90 /* DirectedCycle.cpp */ = {isa = PBXFileReference; fileEncoding = 4; lastKnownFileType = sourcecode.cpp.cpp; path = DirectedCycle.cpp; sourceTree = "<group>"; };
		AF0A07A61DF5A631004C4D90 /* DirectedCycle.h */ = {isa = PBXFileReference; fileEncoding = 4; lastKnownFileType = sourcecode.c.h; path = DirectedCycle.h; sourceTree = "<group>"; };
		AF0A07A81DF5ACC0004C4D90 /* TestDirectedCycle.cpp */ = {isa = PBXFileReference; fileEncoding = 4; lastKnownFileType = sourcecode.cpp.cpp; path = TestDirectedCycle.cpp; sourceTree = "<group>"; };
		AF0A07A91DF5ACC0004C4D90 /* TestDirectedCycle.h */ = {isa = PBXFileReference; fileEncoding = 4; lastKnownFileType = sourcecode.c.h; path = TestDirectedCycle.h; sourceTree = "<group>"; };
		AF0A07AB1DF5B270004C4D90 /* UnitTest.cpp */ = {isa = PBXFileReference; fileEncoding = 4; lastKnownFileType = sourcecode.cpp.cpp; path = UnitTest.cpp; sourceTree = "<group>"; };
		AF0A07AD1DF99974004C4D90 /* DepthFirstOrder.cpp */ = {isa = PBXFileReference; fileEncoding = 4; lastKnownFileType = sourcecode.cpp.cpp; path = DepthFirstOrder.cpp; sourceTree = "<group>"; };
		AF0A07AE1DF99974004C4D90 /* DepthFirstOrder.h */ = {isa = PBXFileReference; fileEncoding = 4; lastKnownFileType = sourcecode.c.h; path = DepthFirstOrder.h; sourceTree = "<group>"; };
		AF0A07B01DF99E8C004C4D90 /* Topological.cpp */ = {isa = PBXFileReference; fileEncoding = 4; lastKnownFileType = sourcecode.cpp.cpp; path = Topological.cpp; sourceTree = "<group>"; };
		AF0A07B11DF99E8C004C4D90 /* Topological.h */ = {isa = PBXFileReference; fileEncoding = 4; lastKnownFileType = sourcecode.c.h; path = Topological.h; sourceTree = "<group>"; };
		AF0A07B31DF9A673004C4D90 /* SolidConnectionDirectionGraph.cpp */ = {isa = PBXFileReference; fileEncoding = 4; lastKnownFileType = sourcecode.cpp.cpp; path = SolidConnectionDirectionGraph.cpp; sourceTree = "<group>"; };
		AF0A07B41DF9A673004C4D90 /* SolidConnectionDirectionGraph.h */ = {isa = PBXFileReference; fileEncoding = 4; lastKnownFileType = sourcecode.c.h; path = SolidConnectionDirectionGraph.h; sourceTree = "<group>"; };
		AF0A07B81DFBAB41004C4D90 /* MaxPQ.cpp */ = {isa = PBXFileReference; fileEncoding = 4; lastKnownFileType = sourcecode.cpp.cpp; path = MaxPQ.cpp; sourceTree = "<group>"; };
		AF0A07B91DFBAB41004C4D90 /* MaxPQ.h */ = {isa = PBXFileReference; fileEncoding = 4; lastKnownFileType = sourcecode.c.h; path = MaxPQ.h; sourceTree = "<group>"; };
		AF0A07BC1DFBB251004C4D90 /* Uncopyable.cpp */ = {isa = PBXFileReference; fileEncoding = 4; lastKnownFileType = sourcecode.cpp.cpp; path = Uncopyable.cpp; sourceTree = "<group>"; };
		AF0A07BD1DFBB251004C4D90 /* Uncopyable.h */ = {isa = PBXFileReference; fileEncoding = 4; lastKnownFileType = sourcecode.c.h; path = Uncopyable.h; sourceTree = "<group>"; };
		AF0A07BF1DFBBF9E004C4D90 /* TestMaxPQ.cpp */ = {isa = PBXFileReference; fileEncoding = 4; lastKnownFileType = sourcecode.cpp.cpp; path = TestMaxPQ.cpp; sourceTree = "<group>"; };
		AF0A07C01DFBBF9E004C4D90 /* TestMaxPQ.h */ = {isa = PBXFileReference; fileEncoding = 4; lastKnownFileType = sourcecode.c.h; path = TestMaxPQ.h; sourceTree = "<group>"; };
		AF0A07CD1DFD10F6004C4D90 /* MinPQ.cpp */ = {isa = PBXFileReference; fileEncoding = 4; lastKnownFileType = sourcecode.cpp.cpp; path = MinPQ.cpp; sourceTree = "<group>"; };
		AF0A07CE1DFD10F6004C4D90 /* MinPQ.h */ = {isa = PBXFileReference; fileEncoding = 4; lastKnownFileType = sourcecode.c.h; path = MinPQ.h; sourceTree = "<group>"; };
		AF0A07D01DFD129E004C4D90 /* TestMinPQ.cpp */ = {isa = PBXFileReference; fileEncoding = 4; lastKnownFileType = sourcecode.cpp.cpp; path = TestMinPQ.cpp; sourceTree = "<group>"; };
		AF0A07D11DFD129E004C4D90 /* TestMinPQ.h */ = {isa = PBXFileReference; fileEncoding = 4; lastKnownFileType = sourcecode.c.h; path = TestMinPQ.h; sourceTree = "<group>"; };
		AF0A07D31DFD1572004C4D90 /* IndexMinPQ.cpp */ = {isa = PBXFileReference; fileEncoding = 4; lastKnownFileType = sourcecode.cpp.cpp; path = IndexMinPQ.cpp; sourceTree = "<group>"; };
		AF0A07D41DFD1572004C4D90 /* IndexMinPQ.h */ = {isa = PBXFileReference; fileEncoding = 4; lastKnownFileType = sourcecode.c.h; path = IndexMinPQ.h; sourceTree = "<group>"; };
		AF0A07D61DFD2370004C4D90 /* TestIndexMinPQ.cpp */ = {isa = PBXFileReference; fileEncoding = 4; lastKnownFileType = sourcecode.cpp.cpp; path = TestIndexMinPQ.cpp; sourceTree = "<group>"; };
		AF0A07D71DFD2370004C4D90 /* TestIndexMinPQ.h */ = {isa = PBXFileReference; fileEncoding = 4; lastKnownFileType = sourcecode.c.h; path = TestIndexMinPQ.h; sourceTree = "<group>"; };
		AF0A07D91DFD2EF6004C4D90 /* OutputString.cpp */ = {isa = PBXFileReference; fileEncoding = 4; lastKnownFileType = sourcecode.cpp.cpp; path = OutputString.cpp; sourceTree = "<group>"; };
		AF0A07DA1DFD2EF6004C4D90 /* OutputString.h */ = {isa = PBXFileReference; fileEncoding = 4; lastKnownFileType = sourcecode.c.h; path = OutputString.h; sourceTree = "<group>"; };
		AF0A07DC1E0039B4004C4D90 /* Key.cpp */ = {isa = PBXFileReference; fileEncoding = 4; lastKnownFileType = sourcecode.cpp.cpp; path = Key.cpp; sourceTree = "<group>"; };
		AF0A07DD1E0039B4004C4D90 /* Key.h */ = {isa = PBXFileReference; fileEncoding = 4; lastKnownFileType = sourcecode.c.h; path = Key.h; sourceTree = "<group>"; };
		AF0A07DF1E0039BF004C4D90 /* Value.cpp */ = {isa = PBXFileReference; fileEncoding = 4; lastKnownFileType = sourcecode.cpp.cpp; path = Value.cpp; sourceTree = "<group>"; };
		AF0A07E01E0039BF004C4D90 /* Value.h */ = {isa = PBXFileReference; fileEncoding = 4; lastKnownFileType = sourcecode.c.h; path = Value.h; sourceTree = "<group>"; };
		AF0E58091DDCA37C001740C6 /* Paths.cpp */ = {isa = PBXFileReference; fileEncoding = 4; lastKnownFileType = sourcecode.cpp.cpp; path = Paths.cpp; sourceTree = "<group>"; };
		AF0E580A1DDCA37C001740C6 /* Paths.h */ = {isa = PBXFileReference; fileEncoding = 4; lastKnownFileType = sourcecode.c.h; path = Paths.h; sourceTree = "<group>"; };
		AF0E580C1DDCA524001740C6 /* DepthFirstPaths.cpp */ = {isa = PBXFileReference; fileEncoding = 4; lastKnownFileType = sourcecode.cpp.cpp; path = DepthFirstPaths.cpp; sourceTree = "<group>"; };
		AF0E580D1DDCA524001740C6 /* DepthFirstPaths.h */ = {isa = PBXFileReference; fileEncoding = 4; lastKnownFileType = sourcecode.c.h; path = DepthFirstPaths.h; sourceTree = "<group>"; };
		AF4209FE1DBE506C00072FB6 /* DailyCoding */ = {isa = PBXFileReference; explicitFileType = "compiled.mach-o.executable"; includeInIndex = 0; path = DailyCoding; sourceTree = BUILT_PRODUCTS_DIR; };
		AF420A0A1DBE529600072FB6 /* ArrayInt.cpp */ = {isa = PBXFileReference; fileEncoding = 4; lastKnownFileType = sourcecode.cpp.cpp; path = ArrayInt.cpp; sourceTree = "<group>"; };
		AF420A0B1DBE529600072FB6 /* ArrayInt.h */ = {isa = PBXFileReference; fileEncoding = 4; lastKnownFileType = sourcecode.c.h; path = ArrayInt.h; sourceTree = "<group>"; };
		AF420A0C1DBE529600072FB6 /* AbandonBinaryTree.cpp */ = {isa = PBXFileReference; fileEncoding = 4; lastKnownFileType = sourcecode.cpp.cpp; path = AbandonBinaryTree.cpp; sourceTree = "<group>"; };
		AF420A0D1DBE529600072FB6 /* AbandonBinaryTree.h */ = {isa = PBXFileReference; fileEncoding = 4; lastKnownFileType = sourcecode.c.h; path = AbandonBinaryTree.h; sourceTree = "<group>"; };
		AF420A0F1DBE529600072FB6 /* AbandonNode.h */ = {isa = PBXFileReference; fileEncoding = 4; lastKnownFileType = sourcecode.c.h; path = AbandonNode.h; sourceTree = "<group>"; };
		AF420A101DBE529600072FB6 /* TestArrayInt.cpp */ = {isa = PBXFileReference; fileEncoding = 4; lastKnownFileType = sourcecode.cpp.cpp; path = TestArrayInt.cpp; sourceTree = "<group>"; };
		AF420A111DBE529600072FB6 /* TestArrayInt.h */ = {isa = PBXFileReference; fileEncoding = 4; lastKnownFileType = sourcecode.c.h; path = TestArrayInt.h; sourceTree = "<group>"; };
		AF420A161DC4D68F00072FB6 /* Graph.cpp */ = {isa = PBXFileReference; fileEncoding = 4; lastKnownFileType = sourcecode.cpp.cpp; path = Graph.cpp; sourceTree = "<group>"; };
		AF420A171DC4D68F00072FB6 /* Graph.h */ = {isa = PBXFileReference; fileEncoding = 4; lastKnownFileType = sourcecode.c.h; path = Graph.h; sourceTree = "<group>"; };
		AF420A191DC4E77700072FB6 /* TestBinaryTree.cpp */ = {isa = PBXFileReference; fileEncoding = 4; lastKnownFileType = sourcecode.cpp.cpp; path = TestBinaryTree.cpp; sourceTree = "<group>"; };
		AF420A1A1DC4E77700072FB6 /* TestBinaryTree.h */ = {isa = PBXFileReference; fileEncoding = 4; lastKnownFileType = sourcecode.c.h; path = TestBinaryTree.h; sourceTree = "<group>"; };
		AFAB1D081DD8ADDE00910B00 /* DepthFirstSearch.cpp */ = {isa = PBXFileReference; fileEncoding = 4; lastKnownFileType = sourcecode.cpp.cpp; path = DepthFirstSearch.cpp; sourceTree = "<group>"; };
		AFAB1D091DD8ADDE00910B00 /* DepthFirstSearch.h */ = {isa = PBXFileReference; fileEncoding = 4; lastKnownFileType = sourcecode.c.h; path = DepthFirstSearch.h; sourceTree = "<group>"; };
		AFEE8C4E1DC62392002C7EDF /* BaseSort.cpp */ = {isa = PBXFileReference; fileEncoding = 4; lastKnownFileType = sourcecode.cpp.cpp; path = BaseSort.cpp; sourceTree = "<group>"; };
		AFEE8C4F1DC62392002C7EDF /* BaseSort.h */ = {isa = PBXFileReference; fileEncoding = 4; lastKnownFileType = sourcecode.c.h; path = BaseSort.h; sourceTree = "<group>"; };
		AFEE8C541DC631C5002C7EDF /* SortAlgorithms.cpp */ = {isa = PBXFileReference; fileEncoding = 4; lastKnownFileType = sourcecode.cpp.cpp; path = SortAlgorithms.cpp; sourceTree = "<group>"; };
		AFEE8C551DC631C5002C7EDF /* SortAlgorithms.h */ = {isa = PBXFileReference; fileEncoding = 4; lastKnownFileType = sourcecode.c.h; path = SortAlgorithms.h; sourceTree = "<group>"; };
		AFEE8C571DC63733002C7EDF /* TestSortAlgorithms.cpp */ = {isa = PBXFileReference; fileEncoding = 4; lastKnownFileType = sourcecode.cpp.cpp; path = TestSortAlgorithms.cpp; sourceTree = "<group>"; };
		AFEE8C581DC63733002C7EDF /* TestSortAlgorithms.h */ = {isa = PBXFileReference; fileEncoding = 4; lastKnownFileType = sourcecode.c.h; path = TestSortAlgorithms.h; sourceTree = "<group>"; };
/* End PBXFileReference section */

/* Begin PBXFrameworksBuildPhase section */
		AF4209FB1DBE506C00072FB6 /* Frameworks */ = {
			isa = PBXFrameworksBuildPhase;
			buildActionMask = 2147483647;
			files = (
			);
			runOnlyForDeploymentPostprocessing = 0;
		};
/* End PBXFrameworksBuildPhase section */

/* Begin PBXGroup section */
		AF0A07B61DFBAAAE004C4D90 /* Graph */ = {
			isa = PBXGroup;
			children = (
				AF420A161DC4D68F00072FB6 /* Graph.cpp */,
				AF420A171DC4D68F00072FB6 /* Graph.h */,
				AFAB1D081DD8ADDE00910B00 /* DepthFirstSearch.cpp */,
				AFAB1D091DD8ADDE00910B00 /* DepthFirstSearch.h */,
				AF0E58091DDCA37C001740C6 /* Paths.cpp */,
				AF0E580A1DDCA37C001740C6 /* Paths.h */,
				AF0E580C1DDCA524001740C6 /* DepthFirstPaths.cpp */,
				AF0E580D1DDCA524001740C6 /* DepthFirstPaths.h */,
				AF0A07731DE5DEE1004C4D90 /* BreadthFirstPaths.cpp */,
				AF0A07741DE5DEE1004C4D90 /* BreadthFirstPaths.h */,
				AF0A077F1DEDC68D004C4D90 /* Connect.cpp */,
				AF0A07801DEDC68D004C4D90 /* Connect.h */,
				AF0A07861DEF058B004C4D90 /* CycleGraph.cpp */,
				AF0A07871DEF058B004C4D90 /* CycleGraph.h */,
				AF0A078D1DEF0DF3004C4D90 /* TwoColorGraph.cpp */,
				AF0A078E1DEF0DF3004C4D90 /* TwoColorGraph.h */,
				AF0A07901DEF146D004C4D90 /* DirectionGraph.cpp */,
				AF0A07911DEF146D004C4D90 /* DirectionGraph.h */,
				AF0A07A21DF59E81004C4D90 /* DirectedDFS.cpp */,
				AF0A07A31DF59E81004C4D90 /* DirectedDFS.h */,
				AF0A07A51DF5A631004C4D90 /* DirectedCycle.cpp */,
				AF0A07A61DF5A631004C4D90 /* DirectedCycle.h */,
				AF0A07B31DF9A673004C4D90 /* SolidConnectionDirectionGraph.cpp */,
				AF0A07B41DF9A673004C4D90 /* SolidConnectionDirectionGraph.h */,
				AF0A07B01DF99E8C004C4D90 /* Topological.cpp */,
				AF0A07B11DF99E8C004C4D90 /* Topological.h */,
				AF0A07AD1DF99974004C4D90 /* DepthFirstOrder.cpp */,
				AF0A07AE1DF99974004C4D90 /* DepthFirstOrder.h */,
			);
			name = Graph;
			sourceTree = "<group>";
		};
		AF0A07B71DFBAB12004C4D90 /* Heap */ = {
			isa = PBXGroup;
			children = (
				AF0A07B81DFBAB41004C4D90 /* MaxPQ.cpp */,
				AF0A07B91DFBAB41004C4D90 /* MaxPQ.h */,
				AF0A07CD1DFD10F6004C4D90 /* MinPQ.cpp */,
				AF0A07CE1DFD10F6004C4D90 /* MinPQ.h */,
				AF0A07D31DFD1572004C4D90 /* IndexMinPQ.cpp */,
				AF0A07D41DFD1572004C4D90 /* IndexMinPQ.h */,
			);
			name = Heap;
			sourceTree = "<group>";
		};
		AF0A07BB1DFBB233004C4D90 /* Common */ = {
			isa = PBXGroup;
			children = (
				AF0A07BC1DFBB251004C4D90 /* Uncopyable.cpp */,
				AF0A07BD1DFBB251004C4D90 /* Uncopyable.h */,
				AF0A07DC1E0039B4004C4D90 /* Key.cpp */,
				AF0A07DD1E0039B4004C4D90 /* Key.h */,
				AF0A07DF1E0039BF004C4D90 /* Value.cpp */,
				AF0A07E01E0039BF004C4D90 /* Value.h */,
			);
			name = Common;
			sourceTree = "<group>";
		};
		AF0A07C21DFBBFD4004C4D90 /* GraphUnitTest */ = {
			isa = PBXGroup;
			children = (
				AF0A07CC1DFBC1CA004C4D90 /* DirectedGraph */,
				AF0A07CB1DFBC174004C4D90 /* Graph */,
			);
			name = GraphUnitTest;
			sourceTree = "<group>";
		};
		AF0A07C31DFBC00B004C4D90 /* Common */ = {
			isa = PBXGroup;
			children = (
				AF0A07971DF3B75D004C4D90 /* UnitTest.h */,
				AF0A07AB1DF5B270004C4D90 /* UnitTest.cpp */,
				AF0A07D91DFD2EF6004C4D90 /* OutputString.cpp */,
				AF0A07DA1DFD2EF6004C4D90 /* OutputString.h */,
			);
			name = Common;
			sourceTree = "<group>";
		};
		AF0A07C41DFBC023004C4D90 /* TreeUnitTest */ = {
			isa = PBXGroup;
			children = (
				AF420A191DC4E77700072FB6 /* TestBinaryTree.cpp */,
				AF420A1A1DC4E77700072FB6 /* TestBinaryTree.h */,
			);
			name = TreeUnitTest;
			sourceTree = "<group>";
		};
		AF0A07C51DFBC041004C4D90 /* SortUnitTest */ = {
			isa = PBXGroup;
			children = (
				AFEE8C571DC63733002C7EDF /* TestSortAlgorithms.cpp */,
				AFEE8C581DC63733002C7EDF /* TestSortAlgorithms.h */,
			);
			name = SortUnitTest;
			sourceTree = "<group>";
		};
		AF0A07C61DFBC073004C4D90 /* ArrayUnitTest */ = {
			isa = PBXGroup;
			children = (
				AF420A101DBE529600072FB6 /* TestArrayInt.cpp */,
				AF420A111DBE529600072FB6 /* TestArrayInt.h */,
			);
			name = ArrayUnitTest;
			sourceTree = "<group>";
		};
		AF0A07C81DFBC0F9004C4D90 /* Array */ = {
			isa = PBXGroup;
			children = (
				AF420A0A1DBE529600072FB6 /* ArrayInt.cpp */,
				AF420A0B1DBE529600072FB6 /* ArrayInt.h */,
			);
			name = Array;
			sourceTree = "<group>";
		};
		AF0A07C91DFBC10E004C4D90 /* Tree */ = {
			isa = PBXGroup;
			children = (
				AF420A0C1DBE529600072FB6 /* AbandonBinaryTree.cpp */,
				AF420A0D1DBE529600072FB6 /* AbandonBinaryTree.h */,
				AF420A0F1DBE529600072FB6 /* AbandonNode.h */,
			);
			name = Tree;
			sourceTree = "<group>";
		};
		AF0A07CA1DFBC143004C4D90 /* HeapUnitTest */ = {
			isa = PBXGroup;
			children = (
				AF0A07BF1DFBBF9E004C4D90 /* TestMaxPQ.cpp */,
				AF0A07C01DFBBF9E004C4D90 /* TestMaxPQ.h */,
				AF0A07D01DFD129E004C4D90 /* TestMinPQ.cpp */,
				AF0A07D11DFD129E004C4D90 /* TestMinPQ.h */,
				AF0A07D61DFD2370004C4D90 /* TestIndexMinPQ.cpp */,
				AF0A07D71DFD2370004C4D90 /* TestIndexMinPQ.h */,
			);
			name = HeapUnitTest;
			sourceTree = "<group>";
		};
		AF0A07CB1DFBC174004C4D90 /* Graph */ = {
			isa = PBXGroup;
			children = (
				AF0A07891DEF08E4004C4D90 /* TestCycleGraph.cpp */,
				AF0A078A1DEF08E4004C4D90 /* TestCycleGraph.h */,
				AF0A077C1DEDB5DF004C4D90 /* TestDepthFirstPaths.cpp */,
				AF0A077D1DEDB5DF004C4D90 /* TestDepthFirstPaths.h */,
				AF0A07821DEDCC86004C4D90 /* TestConnect.cpp */,
				AF0A07831DEDCC86004C4D90 /* TestConnect.h */,
				AF0A07761DED9AD5004C4D90 /* TestBreadFirstPaths.cpp */,
				AF0A07771DED9AD5004C4D90 /* TestBreadFirstPaths.h */,
				AF0A07791DED9C7B004C4D90 /* TestGraph.cpp */,
				AF0A077A1DED9C7B004C4D90 /* TestGraph.h */,
			);
			name = Graph;
			sourceTree = "<group>";
		};
		AF0A07CC1DFBC1CA004C4D90 /* DirectedGraph */ = {
			isa = PBXGroup;
			children = (
				AF0A07931DF3B565004C4D90 /* TestDirectionGraph.cpp */,
				AF0A07941DF3B565004C4D90 /* TestDirectionGraph.h */,
				AF0A07A81DF5ACC0004C4D90 /* TestDirectedCycle.cpp */,
				AF0A07A91DF5ACC0004C4D90 /* TestDirectedCycle.h */,
			);
			name = DirectedGraph;
			sourceTree = "<group>";
		};
		AF4209F51DBE506C00072FB6 = {
			isa = PBXGroup;
			children = (
				AF420A001DBE506C00072FB6 /* DailyCoding */,
				AF4209FF1DBE506C00072FB6 /* Products */,
			);
			sourceTree = "<group>";
		};
		AF4209FF1DBE506C00072FB6 /* Products */ = {
			isa = PBXGroup;
			children = (
				AF4209FE1DBE506C00072FB6 /* DailyCoding */,
			);
			name = Products;
			sourceTree = "<group>";
		};
		AF420A001DBE506C00072FB6 /* DailyCoding */ = {
			isa = PBXGroup;
			children = (
				AFAB1D071DD8AC8D00910B00 /* UnitTest */,
				AFEE8C4D1DC62197002C7EDF /* SortAlgorithms */,
				AF420A091DBE51F800072FB6 /* DataStructure */,
			);
			path = DailyCoding;
			sourceTree = "<group>";
		};
		AF420A091DBE51F800072FB6 /* DataStructure */ = {
			isa = PBXGroup;
			children = (
				AF0A07BB1DFBB233004C4D90 /* Common */,
				AF0A07B71DFBAB12004C4D90 /* Heap */,
				AF0A07B61DFBAAAE004C4D90 /* Graph */,
				AF0A07C81DFBC0F9004C4D90 /* Array */,
				AF0A07C91DFBC10E004C4D90 /* Tree */,
			);
			name = DataStructure;
			sourceTree = "<group>";
		};
		AFAB1D071DD8AC8D00910B00 /* UnitTest */ = {
			isa = PBXGroup;
			children = (
				AF0A07CA1DFBC143004C4D90 /* HeapUnitTest */,
				AF0A07C31DFBC00B004C4D90 /* Common */,
				AF0A07C61DFBC073004C4D90 /* ArrayUnitTest */,
				AF0A07C41DFBC023004C4D90 /* TreeUnitTest */,
				AF0A07C21DFBBFD4004C4D90 /* GraphUnitTest */,
				AF0A07C51DFBC041004C4D90 /* SortUnitTest */,
			);
			name = UnitTest;
			sourceTree = "<group>";
		};
		AFEE8C4D1DC62197002C7EDF /* SortAlgorithms */ = {
			isa = PBXGroup;
			children = (
				AFEE8C4E1DC62392002C7EDF /* BaseSort.cpp */,
				AFEE8C4F1DC62392002C7EDF /* BaseSort.h */,
				AFEE8C541DC631C5002C7EDF /* SortAlgorithms.cpp */,
				AFEE8C551DC631C5002C7EDF /* SortAlgorithms.h */,
			);
			name = SortAlgorithms;
			sourceTree = "<group>";
		};
/* End PBXGroup section */

/* Begin PBXNativeTarget section */
		AF4209FD1DBE506C00072FB6 /* DailyCoding */ = {
			isa = PBXNativeTarget;
			buildConfigurationList = AF420A051DBE506C00072FB6 /* Build configuration list for PBXNativeTarget "DailyCoding" */;
			buildPhases = (
				AF4209FA1DBE506C00072FB6 /* Sources */,
				AF4209FB1DBE506C00072FB6 /* Frameworks */,
				AF4209FC1DBE506C00072FB6 /* CopyFiles */,
			);
			buildRules = (
			);
			dependencies = (
			);
			name = DailyCoding;
			productName = DailyCoding;
			productReference = AF4209FE1DBE506C00072FB6 /* DailyCoding */;
			productType = "com.apple.product-type.tool";
		};
/* End PBXNativeTarget section */

/* Begin PBXProject section */
		AF4209F61DBE506C00072FB6 /* Project object */ = {
			isa = PBXProject;
			attributes = {
				KnownAssetTags = (
					New,
				);
				LastUpgradeCheck = 0810;
				ORGANIZATIONNAME = limingding;
				TargetAttributes = {
					AF4209FD1DBE506C00072FB6 = {
						CreatedOnToolsVersion = 7.3.1;
					};
				};
			};
			buildConfigurationList = AF4209F91DBE506C00072FB6 /* Build configuration list for PBXProject "DailyCoding" */;
			compatibilityVersion = "Xcode 3.2";
			developmentRegion = English;
			hasScannedForEncodings = 0;
			knownRegions = (
				en,
			);
			mainGroup = AF4209F51DBE506C00072FB6;
			productRefGroup = AF4209FF1DBE506C00072FB6 /* Products */;
			projectDirPath = "";
			projectRoot = "";
			targets = (
				AF4209FD1DBE506C00072FB6 /* DailyCoding */,
			);
		};
/* End PBXProject section */

/* Begin PBXSourcesBuildPhase section */
		AF4209FA1DBE506C00072FB6 /* Sources */ = {
			isa = PBXSourcesBuildPhase;
			buildActionMask = 2147483647;
			files = (
				AF0A07CF1DFD10F6004C4D90 /* MinPQ.cpp in Sources */,
				AF0A07751DE5DEE1004C4D90 /* BreadthFirstPaths.cpp in Sources */,
				AFEE8C501DC62392002C7EDF /* BaseSort.cpp in Sources */,
				AF0A077E1DEDB5DF004C4D90 /* TestDepthFirstPaths.cpp in Sources */,
				AF0A07D81DFD2370004C4D90 /* TestIndexMinPQ.cpp in Sources */,
				AFEE8C591DC63733002C7EDF /* TestSortAlgorithms.cpp in Sources */,
				AF0A07DB1DFD2EF6004C4D90 /* OutputString.cpp in Sources */,
				AF420A181DC4D68F00072FB6 /* Graph.cpp in Sources */,
				AF0A07C11DFBBF9E004C4D90 /* TestMaxPQ.cpp in Sources */,
				AF0A07BE1DFBB251004C4D90 /* Uncopyable.cpp in Sources */,
				AF0A07D51DFD1572004C4D90 /* IndexMinPQ.cpp in Sources */,
				AF0A07B21DF99E8C004C4D90 /* Topological.cpp in Sources */,
				AF420A1B1DC4E77700072FB6 /* TestBinaryTree.cpp in Sources */,
				AF0A07BA1DFBAB41004C4D90 /* MaxPQ.cpp in Sources */,
				AF0A07811DEDC68D004C4D90 /* Connect.cpp in Sources */,
				AF0A07921DEF146D004C4D90 /* DirectionGraph.cpp in Sources */,
				AF0A07B51DF9A673004C4D90 /* SolidConnectionDirectionGraph.cpp in Sources */,
				AF0A07DE1E0039B4004C4D90 /* Key.cpp in Sources */,
				AF0A07951DF3B565004C4D90 /* TestDirectionGraph.cpp in Sources */,
				AF0E580B1DDCA37C001740C6 /* Paths.cpp in Sources */,
				AF0A07E11E0039BF004C4D90 /* Value.cpp in Sources */,
				AF0A077B1DED9C7B004C4D90 /* TestGraph.cpp in Sources */,
				AF0A07A41DF59E81004C4D90 /* DirectedDFS.cpp in Sources */,
				AF420A131DBE529600072FB6 /* AbandonBinaryTree.cpp in Sources */,
				AFEE8C561DC631C5002C7EDF /* SortAlgorithms.cpp in Sources */,
				AF0A07A71DF5A631004C4D90 /* DirectedCycle.cpp in Sources */,
				AF0A07D21DFD129E004C4D90 /* TestMinPQ.cpp in Sources */,
				AF0A078B1DEF08E4004C4D90 /* TestCycleGraph.cpp in Sources */,
				AFAB1D0A1DD8ADDE00910B00 /* DepthFirstSearch.cpp in Sources */,
				AF420A121DBE529600072FB6 /* ArrayInt.cpp in Sources */,
				AF0A07881DEF058B004C4D90 /* CycleGraph.cpp in Sources */,
				AF0A07AF1DF99974004C4D90 /* DepthFirstOrder.cpp in Sources */,
				AF0A07AC1DF5B270004C4D90 /* UnitTest.cpp in Sources */,
				AF420A151DBE529600072FB6 /* TestArrayInt.cpp in Sources */,
				AF0A07841DEDCC86004C4D90 /* TestConnect.cpp in Sources */,
				AF0A07AA1DF5ACC0004C4D90 /* TestDirectedCycle.cpp in Sources */,
				AF0A078F1DEF0DF3004C4D90 /* TwoColorGraph.cpp in Sources */,
				AF0E580E1DDCA524001740C6 /* DepthFirstPaths.cpp in Sources */,
				AF0A07781DED9AD5004C4D90 /* TestBreadFirstPaths.cpp in Sources */,
			);
			runOnlyForDeploymentPostprocessing = 0;
		};
/* End PBXSourcesBuildPhase section */

/* Begin XCBuildConfiguration section */
		AF420A031DBE506C00072FB6 /* Debug */ = {
			isa = XCBuildConfiguration;
			buildSettings = {
				ALWAYS_SEARCH_USER_PATHS = NO;
				CLANG_ANALYZER_NONNULL = YES;
				CLANG_CXX_LANGUAGE_STANDARD = "gnu++0x";
				CLANG_CXX_LIBRARY = "libc++";
				CLANG_ENABLE_MODULES = YES;
				CLANG_ENABLE_OBJC_ARC = YES;
				CLANG_WARN_BOOL_CONVERSION = YES;
				CLANG_WARN_CONSTANT_CONVERSION = YES;
				CLANG_WARN_DIRECT_OBJC_ISA_USAGE = YES_ERROR;
				CLANG_WARN_EMPTY_BODY = YES;
				CLANG_WARN_ENUM_CONVERSION = YES;
				CLANG_WARN_INFINITE_RECURSION = YES;
				CLANG_WARN_INT_CONVERSION = YES;
				CLANG_WARN_OBJC_ROOT_CLASS = YES_ERROR;
				CLANG_WARN_SUSPICIOUS_MOVE = YES;
				CLANG_WARN_UNREACHABLE_CODE = YES;
				CLANG_WARN__DUPLICATE_METHOD_MATCH = YES;
				CODE_SIGN_IDENTITY = "-";
				COPY_PHASE_STRIP = NO;
				DEBUG_INFORMATION_FORMAT = dwarf;
				ENABLE_STRICT_OBJC_MSGSEND = YES;
				ENABLE_TESTABILITY = YES;
				GCC_C_LANGUAGE_STANDARD = gnu99;
				GCC_DYNAMIC_NO_PIC = NO;
				GCC_NO_COMMON_BLOCKS = YES;
				GCC_OPTIMIZATION_LEVEL = 0;
				GCC_PREPROCESSOR_DEFINITIONS = (
					"DEBUG=1",
					"$(inherited)",
				);
				GCC_WARN_64_TO_32_BIT_CONVERSION = YES;
				GCC_WARN_ABOUT_RETURN_TYPE = YES_ERROR;
				GCC_WARN_UNDECLARED_SELECTOR = YES;
				GCC_WARN_UNINITIALIZED_AUTOS = YES_AGGRESSIVE;
				GCC_WARN_UNUSED_FUNCTION = YES;
				GCC_WARN_UNUSED_VARIABLE = YES;
				MACOSX_DEPLOYMENT_TARGET = 10.11;
				MTL_ENABLE_DEBUG_INFO = YES;
				ONLY_ACTIVE_ARCH = YES;
				SDKROOT = macosx;
			};
			name = Debug;
		};
		AF420A041DBE506C00072FB6 /* Release */ = {
			isa = XCBuildConfiguration;
			buildSettings = {
				ALWAYS_SEARCH_USER_PATHS = NO;
				CLANG_ANALYZER_NONNULL = YES;
				CLANG_CXX_LANGUAGE_STANDARD = "gnu++0x";
				CLANG_CXX_LIBRARY = "libc++";
				CLANG_ENABLE_MODULES = YES;
				CLANG_ENABLE_OBJC_ARC = YES;
				CLANG_WARN_BOOL_CONVERSION = YES;
				CLANG_WARN_CONSTANT_CONVERSION = YES;
				CLANG_WARN_DIRECT_OBJC_ISA_USAGE = YES_ERROR;
				CLANG_WARN_EMPTY_BODY = YES;
				CLANG_WARN_ENUM_CONVERSION = YES;
				CLANG_WARN_INFINITE_RECURSION = YES;
				CLANG_WARN_INT_CONVERSION = YES;
				CLANG_WARN_OBJC_ROOT_CLASS = YES_ERROR;
				CLANG_WARN_SUSPICIOUS_MOVE = YES;
				CLANG_WARN_UNREACHABLE_CODE = YES;
				CLANG_WARN__DUPLICATE_METHOD_MATCH = YES;
				CODE_SIGN_IDENTITY = "-";
				COPY_PHASE_STRIP = NO;
				DEBUG_INFORMATION_FORMAT = "dwarf-with-dsym";
				ENABLE_NS_ASSERTIONS = NO;
				ENABLE_STRICT_OBJC_MSGSEND = YES;
				GCC_C_LANGUAGE_STANDARD = gnu99;
				GCC_NO_COMMON_BLOCKS = YES;
				GCC_WARN_64_TO_32_BIT_CONVERSION = YES;
				GCC_WARN_ABOUT_RETURN_TYPE = YES_ERROR;
				GCC_WARN_UNDECLARED_SELECTOR = YES;
				GCC_WARN_UNINITIALIZED_AUTOS = YES_AGGRESSIVE;
				GCC_WARN_UNUSED_FUNCTION = YES;
				GCC_WARN_UNUSED_VARIABLE = YES;
				MACOSX_DEPLOYMENT_TARGET = 10.11;
				MTL_ENABLE_DEBUG_INFO = NO;
				SDKROOT = macosx;
			};
			name = Release;
		};
		AF420A061DBE506C00072FB6 /* Debug */ = {
			isa = XCBuildConfiguration;
			buildSettings = {
				PRODUCT_NAME = "$(TARGET_NAME)";
			};
			name = Debug;
		};
		AF420A071DBE506C00072FB6 /* Release */ = {
			isa = XCBuildConfiguration;
			buildSettings = {
				PRODUCT_NAME = "$(TARGET_NAME)";
			};
			name = Release;
		};
/* End XCBuildConfiguration section */

/* Begin XCConfigurationList section */
		AF4209F91DBE506C00072FB6 /* Build configuration list for PBXProject "DailyCoding" */ = {
			isa = XCConfigurationList;
			buildConfigurations = (
				AF420A031DBE506C00072FB6 /* Debug */,
				AF420A041DBE506C00072FB6 /* Release */,
			);
			defaultConfigurationIsVisible = 0;
			defaultConfigurationName = Release;
		};
		AF420A051DBE506C00072FB6 /* Build configuration list for PBXNativeTarget "DailyCoding" */ = {
			isa = XCConfigurationList;
			buildConfigurations = (
				AF420A061DBE506C00072FB6 /* Debug */,
				AF420A071DBE506C00072FB6 /* Release */,
			);
			defaultConfigurationIsVisible = 0;
			defaultConfigurationName = Release;
		};
/* End XCConfigurationList section */
	};
	rootObject = AF4209F61DBE506C00072FB6 /* Project object */;
}
